{
  "name": "pacer-js",
  "version": "1.0.3",
  "lockfileVersion": 3,
  "requires": true,
  "packages": {
    "": {
      "name": "pacer-js",
      "version": "1.0.3",
      "license": "MIT",
      "dependencies": {
        "shoes-js": "^1.0.1"
      }
    },
    "node_modules/shoes-js": {
      "version": "1.0.1",
      "resolved": "https://registry.npmjs.org/shoes-js/-/shoes-js-1.0.1.tgz",
      "integrity": "sha512-lu234TAJNHPE5PL1z/uH9eJ3PWmJzyZk6dBwk5qj8O4G0BHwKJMoO+Dt3GSMrcBsifd8xJcMr5dWvxPNETvXTw==",
      "license": "MIT"
    }
  }
}
