{
  "name": "pacer-js",
  "version": "1.0.8",
  "lockfileVersion": 3,
  "requires": true,
  "packages": {
    "": {
      "name": "pacer-js",
      "version": "1.0.8",
      "license": "MIT",
      "dependencies": {
        "snacks-js": "^1.0.3"
      }
    },
    "node_modules/snacks-js": {
      "version": "1.0.3",
      "resolved": "https://registry.npmjs.org/snacks-js/-/snacks-js-1.0.3.tgz",
      "integrity": "sha512-lu234TAJNHPE5PL1z/uH9eJ3PWmJzyZk6dBwk5qj8O4G0BHwKJMoO+Dt3GSMrcBsifd8xJcMr5dWvxPNETvXTw==",
      "license": "MIT"
    }
  }
}
